
Microsoft Visual Studio Solution File, Format Version 12.00
Project("{FAE04EC0-301F-11D3-BF4B-00C04F79EFBC}") = "StoZelisCitati", "StoZelisCitati\StoZelisCitati.csproj", "{B7B4DB62-0FB3-4F00-92B5-D8D17E6BEDCA}"
EndProject
Global
	GlobalSection(SolutionConfigurationPlatforms) = preSolution
		Debug|Any CPU = Debug|Any CPU
		Release|Any CPU = Release|Any CPU
	EndGlobalSection
	GlobalSection(ProjectConfigurationPlatforms) = postSolution
		{B7B4DB62-0FB3-4F00-92B5-D8D17E6BEDCA}.Debug|Any CPU.ActiveCfg = Debug|Any CPU
		{B7B4DB62-0FB3-4F00-92B5-D8D17E6BEDCA}.Debug|Any CPU.Build.0 = Debug|Any CPU
		{B7B4DB62-0FB3-4F00-92B5-D8D17E6BEDCA}.Release|Any CPU.ActiveCfg = Release|Any CPU
		{B7B4DB62-0FB3-4F00-92B5-D8D17E6BEDCA}.Release|Any CPU.Build.0 = Release|Any CPU
	EndGlobalSection
EndGlobal
